// !$*UTF8*$!
{
	archiveVersion = 1;
	classes = {
	};
	objectVersion = 46;
	objects = {

/* Begin PBXBuildFile section */
		01A7E4261E0CEDA800DD9C11 /* AppDelegate.swift in Sources */ = {isa = PBXBuildFile; fileRef = 01A7E4251E0CEDA800DD9C11 /* AppDelegate.swift */; };
		01A7E4281E0CEDA800DD9C11 /* ViewController.swift in Sources */ = {isa = PBXBuildFile; fileRef = 01A7E4271E0CEDA800DD9C11 /* ViewController.swift */; };
		01A7E42B1E0CEDA800DD9C11 /* Main.storyboard in Resources */ = {isa = PBXBuildFile; fileRef = 01A7E4291E0CEDA800DD9C11 /* Main.storyboard */; };
		01A7E42D1E0CEDA800DD9C11 /* Assets.xcassets in Resources */ = {isa = PBXBuildFile; fileRef = 01A7E42C1E0CEDA800DD9C11 /* Assets.xcassets */; };
		01A7E4301E0CEDA800DD9C11 /* LaunchScreen.storyboard in Resources */ = {isa = PBXBuildFile; fileRef = 01A7E42E1E0CEDA800DD9C11 /* LaunchScreen.storyboard */; };
		C3D9BC3CB6C6B6D0866CD83E /* Pods_SwiftProject_1.framework in Frameworks */ = {isa = PBXBuildFile; fileRef = F714D1B1951A28C1A952A4D3 /* Pods_SwiftProject_1.framework */; };
/* End PBXBuildFile section */

/* Begin PBXFileReference section */
		01A7E4221E0CEDA800DD9C11 /* SwiftProject_1.app */ = {isa = PBXFileReference; explicitFileType = wrapper.application; includeInIndex = 0; path = SwiftProject_1.app; sourceTree = BUILT_PRODUCTS_DIR; };
		01A7E4251E0CEDA800DD9C11 /* AppDelegate.swift */ = {isa = PBXFileReference; lastKnownFileType = sourcecode.swift; path = AppDelegate.swift; sourceTree = "<group>"; };
		01A7E4271E0CEDA800DD9C11 /* ViewController.swift */ = {isa = PBXFileReference; lastKnownFileType = sourcecode.swift; path = ViewController.swift; sourceTree = "<group>"; };
		01A7E42A1E0CEDA800DD9C11 /* Base */ = {isa = PBXFileReference; lastKnownFileType = file.storyboard; name = Base; path = Base.lproj/Main.storyboard; sourceTree = "<group>"; };
		01A7E42C1E0CEDA800DD9C11 /* Assets.xcassets */ = {isa = PBXFileReference; lastKnownFileType = folder.assetcatalog; path = Assets.xcassets; sourceTree = "<group>"; };
		01A7E42F1E0CEDA800DD9C11 /* Base */ = {isa = PBXFileReference; lastKnownFileType = file.storyboard; name = Base; path = Base.lproj/LaunchScreen.storyboard; sourceTree = "<group>"; };
		01A7E4311E0CEDA800DD9C11 /* Info.plist */ = {isa = PBXFileReference; lastKnownFileType = text.plist.xml; path = Info.plist; sourceTree = "<group>"; };
		D11F8DDDBC487A2ACD471458 /* Pods-SwiftProject_1.debug.xcconfig */ = {isa = PBXFileReference; includeInIndex = 1; lastKnownFileType = text.xcconfig; name = "Pods-SwiftProject_1.debug.xcconfig"; path = "Pods/Target Support Files/Pods-SwiftProject_1/Pods-SwiftProject_1.debug.xcconfig"; sourceTree = "<group>"; };
		D2DE7C53A3B80BCA6F3C0B3F /* Pods-SwiftProject_1.release.xcconfig */ = {isa = PBXFileReference; includeInIndex = 1; lastKnownFileType = text.xcconfig; name = "Pods-SwiftProject_1.release.xcconfig"; path = "Pods/Target Support Files/Pods-SwiftProject_1/Pods-SwiftProject_1.release.xcconfig"; sourceTree = "<group>"; };
		F714D1B1951A28C1A952A4D3 /* Pods_SwiftProject_1.framework */ = {isa = PBXFileReference; explicitFileType = wrapper.framework; includeInIndex = 0; path = Pods_SwiftProject_1.framework; sourceTree = BUILT_PRODUCTS_DIR; };
/* End PBXFileReference section */

/* Begin PBXFrameworksBuildPhase section */
		01A7E41F1E0CEDA800DD9C11 /* Frameworks */ = {
			isa = PBXFrameworksBuildPhase;
			buildActionMask = 2147483647;
			files = (
				C3D9BC3CB6C6B6D0866CD83E /* Pods_SwiftProject_1.framework in Frameworks */,
			);
			runOnlyForDeploymentPostprocessing = 0;
		};
/* End PBXFrameworksBuildPhase section */

/* Begin PBXGroup section */
		01A7E4191E0CEDA800DD9C11 = {
			isa = PBXGroup;
			children = (
				01A7E4241E0CEDA800DD9C11 /* SwiftProject_1 */,
				01A7E4231E0CEDA800DD9C11 /* Products */,
				02280920C4EBC278D318649D /* Pods */,
				B19EFFE460DC88D5BA0462FC /* Frameworks */,
			);
			sourceTree = "<group>";
		};
		01A7E4231E0CEDA800DD9C11 /* Products */ = {
			isa = PBXGroup;
			children = (
				01A7E4221E0CEDA800DD9C11 /* SwiftProject_1.app */,
			);
			name = Products;
			sourceTree = "<group>";
		};
		01A7E4241E0CEDA800DD9C11 /* SwiftProject_1 */ = {
			isa = PBXGroup;
			children = (
				01A7E4251E0CEDA800DD9C11 /* AppDelegate.swift */,
				01A7E4271E0CEDA800DD9C11 /* ViewController.swift */,
				01A7E4291E0CEDA800DD9C11 /* Main.storyboard */,
				01A7E42C1E0CEDA800DD9C11 /* Assets.xcassets */,
				01A7E42E1E0CEDA800DD9C11 /* LaunchScreen.storyboard */,
				01A7E4311E0CEDA800DD9C11 /* Info.plist */,
			);
			path = SwiftProject_1;
			sourceTree = "<group>";
		};
		02280920C4EBC278D318649D /* Pods */ = {
			isa = PBXGroup;
			children = (
				D11F8DDDBC487A2ACD471458 /* Pods-SwiftProject_1.debug.xcconfig */,
				D2DE7C53A3B80BCA6F3C0B3F /* Pods-SwiftProject_1.release.xcconfig */,
			);
			name = Pods;
			sourceTree = "<group>";
		};
		B19EFFE460DC88D5BA0462FC /* Frameworks */ = {
			isa = PBXGroup;
			children = (
				F714D1B1951A28C1A952A4D3 /* Pods_SwiftProject_1.framework */,
			);
			name = Frameworks;
			sourceTree = "<group>";
		};
/* End PBXGroup section */

/* Begin PBXNativeTarget section */
		01A7E4211E0CEDA800DD9C11 /* SwiftProject_1 */ = {
			isa = PBXNativeTarget;
			buildConfigurationList = 01A7E4341E0CEDA800DD9C11 /* Build configuration list for PBXNativeTarget "SwiftProject_1" */;
			buildPhases = (
				2201DA1AA0CE65C49E113F5E /* [CP] Check Pods Manifest.lock */,
				01A7E41E1E0CEDA800DD9C11 /* Sources */,
				01A7E41F1E0CEDA800DD9C11 /* Frameworks */,
				01A7E4201E0CEDA800DD9C11 /* Resources */,
				2D0B41AC332267C0BA92442D /* [CP] Embed Pods Frameworks */,
				917245DFAE924F00A5DAB0CB /* [CP] Copy Pods Resources */,
			);
			buildRules = (
			);
			dependencies = (
			);
			name = SwiftProject_1;
			productName = SwiftProject_1;
			productReference = 01A7E4221E0CEDA800DD9C11 /* SwiftProject_1.app */;
			productType = "com.apple.product-type.application";
		};
/* End PBXNativeTarget section */

/* Begin PBXProject section */
		01A7E41A1E0CEDA800DD9C11 /* Project object */ = {
			isa = PBXProject;
			attributes = {
				LastSwiftUpdateCheck = 0820;
				LastUpgradeCheck = 0820;
				ORGANIZATIONNAME = "王云峰";
				TargetAttributes = {
					01A7E4211E0CEDA800DD9C11 = {
						CreatedOnToolsVersion = 8.2.1;
						ProvisioningStyle = Automatic;
					};
				};
			};
			buildConfigurationList = 01A7E41D1E0CEDA800DD9C11 /* Build configuration list for PBXProject "SwiftProject_1" */;
			compatibilityVersion = "Xcode 3.2";
			developmentRegion = English;
			hasScannedForEncodings = 0;
			knownRegions = (
				en,
				Base,
			);
			mainGroup = 01A7E4191E0CEDA800DD9C11;
			productRefGroup = 01A7E4231E0CEDA800DD9C11 /* Products */;
			projectDirPath = "";
			projectRoot = "";
			targets = (
				01A7E4211E0CEDA800DD9C11 /* SwiftProject_1 */,
			);
		};
/* End PBXProject section */

/* Begin PBXResourcesBuildPhase section */
		01A7E4201E0CEDA800DD9C11 /* Resources */ = {
			isa = PBXResourcesBuildPhase;
			buildActionMask = 2147483647;
			files = (
				01A7E4301E0CEDA800DD9C11 /* LaunchScreen.storyboard in Resources */,
				01A7E42D1E0CEDA800DD9C11 /* Assets.xcassets in Resources */,
				01A7E42B1E0CEDA800DD9C11 /* Main.storyboard in Resources */,
			);
			runOnlyForDeploymentPostprocessing = 0;
		};
/* End PBXResourcesBuildPhase section */

/* Begin PBXShellScriptBuildPhase section */
		2201DA1AA0CE65C49E113F5E /* [CP] Check Pods Manifest.lock */ = {
			isa = PBXShellScriptBuildPhase;
			buildActionMask = 2147483647;
			files = (
			);
			inputPaths = (
			);
			name = "[CP] Check Pods Manifest.lock";
			outputPaths = (
			);
			runOnlyForDeploymentPostprocessing = 0;
			shellPath = /bin/sh;
			shellScript = "diff \"${PODS_ROOT}/../Podfile.lock\" \"${PODS_ROOT}/Manifest.lock\" > /dev/null\nif [ $? != 0 ] ; then\n    # print error to STDERR\n    echo \"error: The sandbox is not in sync with the Podfile.lock. Run 'pod install' or update your CocoaPods installation.\" >&2\n    exit 1\nfi\n";
			showEnvVarsInLog = 0;
		};
		2D0B41AC332267C0BA92442D /* [CP] Embed Pods Frameworks */ = {
			isa = PBXShellScriptBuildPhase;
			buildActionMask = 2147483647;
			files = (
			);
			inputPaths = (
			);
			name = "[CP] Embed Pods Frameworks";
			outputPaths = (
			);
			runOnlyForDeploymentPostprocessing = 0;
			shellPath = /bin/sh;
			shellScript = "\"${SRCROOT}/Pods/Target Support Files/Pods-SwiftProject_1/Pods-SwiftProject_1-frameworks.sh\"\n";
			showEnvVarsInLog = 0;
		};
		917245DFAE924F00A5DAB0CB /* [CP] Copy Pods Resources */ = {
			isa = PBXShellScriptBuildPhase;
			buildActionMask = 2147483647;
			files = (
			);
			inputPaths = (
			);
			name = "[CP] Copy Pods Resources";
			outputPaths = (
			);
			runOnlyForDeploymentPostprocessing = 0;
			shellPath = /bin/sh;
			shellScript = "\"${SRCROOT}/Pods/Target Support Files/Pods-SwiftProject_1/Pods-SwiftProject_1-resources.sh\"\n";
			showEnvVarsInLog = 0;
		};
/* End PBXShellScriptBuildPhase section */

/* Begin PBXSourcesBuildPhase section */
		01A7E41E1E0CEDA800DD9C11 /* Sources */ = {
			isa = PBXSourcesBuildPhase;
			buildActionMask = 2147483647;
			files = (
				01A7E4281E0CEDA800DD9C11 /* ViewController.swift in Sources */,
				01A7E4261E0CEDA800DD9C11 /* AppDelegate.swift in Sources */,
			);
			runOnlyForDeploymentPostprocessing = 0;
		};
/* End PBXSourcesBuildPhase section */

/* Begin PBXVariantGroup section */
		01A7E4291E0CEDA800DD9C11 /* Main.storyboard */ = {
			isa = PBXVariantGroup;
			children = (
				01A7E42A1E0CEDA800DD9C11 /* Base */,
			);
			name = Main.storyboard;
			sourceTree = "<group>";
		};
		01A7E42E1E0CEDA800DD9C11 /* LaunchScreen.storyboard */ = {
			isa = PBXVariantGroup;
			children = (
				01A7E42F1E0CEDA800DD9C11 /* Base */,
			);
			name = LaunchScreen.storyboard;
			sourceTree = "<group>";
		};
/* End PBXVariantGroup section */

/* Begin XCBuildConfiguration section */
		01A7E4321E0CEDA800DD9C11 /* Debug */ = {
			isa = XCBuildConfiguration;
			buildSettings = {
				ALWAYS_SEARCH_USER_PATHS = NO;
				CLANG_ANALYZER_NONNULL = YES;
				CLANG_CXX_LANGUAGE_STANDARD = "gnu++0x";
				CLANG_CXX_LIBRARY = "libc++";
				CLANG_ENABLE_MODULES = YES;
				CLANG_ENABLE_OBJC_ARC = YES;
				CLANG_WARN_BOOL_CONVERSION = YES;
				CLANG_WARN_CONSTANT_CONVERSION = YES;
				CLANG_WARN_DIRECT_OBJC_ISA_USAGE = YES_ERROR;
				CLANG_WARN_DOCUMENTATION_COMMENTS = YES;
				CLANG_WARN_EMPTY_BODY = YES;
				CLANG_WARN_ENUM_CONVERSION = YES;
				CLANG_WARN_INFINITE_RECURSION = YES;
				CLANG_WARN_INT_CONVERSION = YES;
				CLANG_WARN_OBJC_ROOT_CLASS = YES_ERROR;
				CLANG_WARN_SUSPICIOUS_MOVE = YES;
				CLANG_WARN_UNREACHABLE_CODE = YES;
				CLANG_WARN__DUPLICATE_METHOD_MATCH = YES;
				"CODE_SIGN_IDENTITY[sdk=iphoneos*]" = "iPhone Developer";
				COPY_PHASE_STRIP = NO;
				DEBUG_INFORMATION_FORMAT = dwarf;
				ENABLE_STRICT_OBJC_MSGSEND = YES;
				ENABLE_TESTABILITY = YES;
				GCC_C_LANGUAGE_STANDARD = gnu99;
				GCC_DYNAMIC_NO_PIC = NO;
				GCC_NO_COMMON_BLOCKS = YES;
				GCC_OPTIMIZATION_LEVEL = 0;
				GCC_PREPROCESSOR_DEFINITIONS = (
					"DEBUG=1",
					"$(inherited)",
				);
				GCC_WARN_64_TO_32_BIT_CONVERSION = YES;
				GCC_WARN_ABOUT_RETURN_TYPE = YES_ERROR;
				GCC_WARN_UNDECLARED_SELECTOR = YES;
				GCC_WARN_UNINITIALIZED_AUTOS = YES_AGGRESSIVE;
				GCC_WARN_UNUSED_FUNCTION = YES;
				GCC_WARN_UNUSED_VARIABLE = YES;
				IPHONEOS_DEPLOYMENT_TARGET = 10.2;
				MTL_ENABLE_DEBUG_INFO = YES;
				ONLY_ACTIVE_ARCH = YES;
				SDKROOT = iphoneos;
				SWIFT_ACTIVE_COMPILATION_CONDITIONS = DEBUG;
				SWIFT_OPTIMIZATION_LEVEL = "-Onone";
			};
			name = Debug;
		};
		01A7E4331E0CEDA800DD9C11 /* Release */ = {
			isa = XCBuildConfiguration;
			buildSettings = {
				ALWAYS_SEARCH_USER_PATHS = NO;
				CLANG_ANALYZER_NONNULL = YES;
				CLANG_CXX_LANGUAGE_STANDARD = "gnu++0x";
				CLANG_CXX_LIBRARY = "libc++";
				CLANG_ENABLE_MODULES = YES;
				CLANG_ENABLE_OBJC_ARC = YES;
				CLANG_WARN_BOOL_CONVERSION = YES;
				CLANG_WARN_CONSTANT_CONVERSION = YES;
				CLANG_WARN_DIRECT_OBJC_ISA_USAGE = YES_ERROR;
				CLANG_WARN_DOCUMENTATION_COMMENTS = YES;
				CLANG_WARN_EMPTY_BODY = YES;
				CLANG_WARN_ENUM_CONVERSION = YES;
				CLANG_WARN_INFINITE_RECURSION = YES;
				CLANG_WARN_INT_CONVERSION = YES;
				CLANG_WARN_OBJC_ROOT_CLASS = YES_ERROR;
				CLANG_WARN_SUSPICIOUS_MOVE = YES;
				CLANG_WARN_UNREACHABLE_CODE = YES;
				CLANG_WARN__DUPLICATE_METHOD_MATCH = YES;
				"CODE_SIGN_IDENTITY[sdk=iphoneos*]" = "iPhone Developer";
				COPY_PHASE_STRIP = NO;
				DEBUG_INFORMATION_FORMAT = "dwarf-with-dsym";
				ENABLE_NS_ASSERTIONS = NO;
				ENABLE_STRICT_OBJC_MSGSEND = YES;
				GCC_C_LANGUAGE_STANDARD = gnu99;
				GCC_NO_COMMON_BLOCKS = YES;
				GCC_WARN_64_TO_32_BIT_CONVERSION = YES;
				GCC_WARN_ABOUT_RETURN_TYPE = YES_ERROR;
				GCC_WARN_UNDECLARED_SELECTOR = YES;
				GCC_WARN_UNINITIALIZED_AUTOS = YES_AGGRESSIVE;
				GCC_WARN_UNUSED_FUNCTION = YES;
				GCC_WARN_UNUSED_VARIABLE = YES;
				IPHONEOS_DEPLOYMENT_TARGET = 10.2;
				MTL_ENABLE_DEBUG_INFO = NO;
				SDKROOT = iphoneos;
				SWIFT_OPTIMIZATION_LEVEL = "-Owholemodule";
				VALIDATE_PRODUCT = YES;
			};
			name = Release;
		};
		01A7E4351E0CEDA800DD9C11 /* Debug */ = {
			isa = XCBuildConfiguration;
			baseConfigurationReference = D11F8DDDBC487A2ACD471458 /* Pods-SwiftProject_1.debug.xcconfig */;
			buildSettings = {
				ASSETCATALOG_COMPILER_APPICON_NAME = AppIcon;
				INFOPLIST_FILE = SwiftProject_1/Info.plist;
				LD_RUNPATH_SEARCH_PATHS = "$(inherited) @executable_path/Frameworks";
				PRODUCT_BUNDLE_IDENTIFIER = "wangyunfeng.SwiftProject-1";
				PRODUCT_NAME = "$(TARGET_NAME)";
				SWIFT_VERSION = 3.0;
			};
			name = Debug;
		};
		01A7E4361E0CEDA800DD9C11 /* Release */ = {
			isa = XCBuildConfiguration;
			baseConfigurationReference = D2DE7C53A3B80BCA6F3C0B3F /* Pods-SwiftProject_1.release.xcconfig */;
			buildSettings = {
				ASSETCATALOG_COMPILER_APPICON_NAME = AppIcon;
				INFOPLIST_FILE = SwiftProject_1/Info.plist;
				LD_RUNPATH_SEARCH_PATHS = "$(inherited) @executable_path/Frameworks";
				PRODUCT_BUNDLE_IDENTIFIER = "wangyunfeng.SwiftProject-1";
				PRODUCT_NAME = "$(TARGET_NAME)";
				SWIFT_VERSION = 3.0;
			};
			name = Release;
		};
/* End XCBuildConfiguration section */

/* Begin XCConfigurationList section */
		01A7E41D1E0CEDA800DD9C11 /* Build configuration list for PBXProject "SwiftProject_1" */ = {
			isa = XCConfigurationList;
			buildConfigurations = (
				01A7E4321E0CEDA800DD9C11 /* Debug */,
				01A7E4331E0CEDA800DD9C11 /* Release */,
			);
			defaultConfigurationIsVisible = 0;
			defaultConfigurationName = Release;
		};
		01A7E4341E0CEDA800DD9C11 /* Build configuration list for PBXNativeTarget "SwiftProject_1" */ = {
			isa = XCConfigurationList;
			buildConfigurations = (
				01A7E4351E0CEDA800DD9C11 /* Debug */,
				01A7E4361E0CEDA800DD9C11 /* Release */,
			);
			defaultConfigurationIsVisible = 0;
		};
/* End XCConfigurationList section */
	};
	rootObject = 01A7E41A1E0CEDA800DD9C11 /* Project object */;
}
